{
  "name": "wechat",
  "version": "1.0.0",
  "lockfileVersion": 2,
  "requires": true,
  "packages": {
    "": {
      "name": "wechat",
      "version": "1.0.0",
      "license": "ISC",
      "dependencies": {
        "@lucky-canvas/mini": "^0.0.7",
        "@vant/weapp": "^1.10.23",
        "moment": "^2.29.4"
      }
    },
    "node_modules/@lucky-canvas/mini": {
      "version": "0.0.7",
      "resolved": "https://registry.npmjs.org/@lucky-canvas/mini/-/mini-0.0.7.tgz",
      "integrity": "sha512-xJ7vXIzxeyZrL9CmTkMMtFEqRYFpeYlMgEPZ3EkoUOi121D/pXraZx/pVqlEOVhKOfJIhGJGJTswWycyfzKbpQ==",
      "dependencies": {
        "lucky-canvas": "~1.7.24"
      }
    },
    "node_modules/@vant/weapp": {
      "version": "1.10.23",
      "resolved": "https://registry.npmjs.org/@vant/weapp/-/weapp-1.10.23.tgz",
      "integrity": "sha512-Lqlc0oT89AxR8e4uLmP59xkI1KkWSTWKWV9kXM17CJz55eL0fPMo5jd0d132KpcfRmiwIOVr7TwK8u8v6XIhlg=="
    },
    "node_modules/lucky-canvas": {
      "version": "1.7.27",
      "resolved": "https://registry.npmjs.org/lucky-canvas/-/lucky-canvas-1.7.27.tgz",
      "integrity": "sha512-Ftz6qD+863bI7xijBmZg3dw3cNEc7odPr70EZQcGA14y3TgTAzH65HPosOCd6kKUlMwhntBaHMx3onoj9MtJRQ=="
    },
    "node_modules/moment": {
      "version": "2.29.4",
      "resolved": "https://registry.npmjs.org/moment/-/moment-2.29.4.tgz",
      "integrity": "sha512-5LC9SOxjSc2HF6vO2CyuTDNivEdoz2IvyJJGj6X8DJ0eFyfszE0QiEd+iXmBvUP3WHxSjFH/vIsA0EN00cgr8w==",
      "engines": {
        "node": "*"
      }
    }
  },
  "dependencies": {
    "@lucky-canvas/mini": {
      "version": "0.0.7",
      "resolved": "https://registry.npmjs.org/@lucky-canvas/mini/-/mini-0.0.7.tgz",
      "integrity": "sha512-xJ7vXIzxeyZrL9CmTkMMtFEqRYFpeYlMgEPZ3EkoUOi121D/pXraZx/pVqlEOVhKOfJIhGJGJTswWycyfzKbpQ==",
      "requires": {
        "lucky-canvas": "~1.7.24"
      }
    },
    "@vant/weapp": {
      "version": "1.10.23",
      "resolved": "https://registry.npmjs.org/@vant/weapp/-/weapp-1.10.23.tgz",
      "integrity": "sha512-Lqlc0oT89AxR8e4uLmP59xkI1KkWSTWKWV9kXM17CJz55eL0fPMo5jd0d132KpcfRmiwIOVr7TwK8u8v6XIhlg=="
    },
    "lucky-canvas": {
      "version": "1.7.27",
      "resolved": "https://registry.npmjs.org/lucky-canvas/-/lucky-canvas-1.7.27.tgz",
      "integrity": "sha512-Ftz6qD+863bI7xijBmZg3dw3cNEc7odPr70EZQcGA14y3TgTAzH65HPosOCd6kKUlMwhntBaHMx3onoj9MtJRQ=="
    },
    "moment": {
      "version": "2.29.4",
      "resolved": "https://registry.npmjs.org/moment/-/moment-2.29.4.tgz",
      "integrity": "sha512-5LC9SOxjSc2HF6vO2CyuTDNivEdoz2IvyJJGj6X8DJ0eFyfszE0QiEd+iXmBvUP3WHxSjFH/vIsA0EN00cgr8w=="
    }
  }
}
